
Microsoft Visual Studio Solution File, Format Version 12.00
# Visual Studio Version 16
VisualStudioVersion = 16.0.30717.126
MinimumVisualStudioVersion = 10.0.40219.1
Project("{FAE04EC0-301F-11D3-BF4B-00C04F79EFBC}") = "qRPC", "qRPC\qRPC.csproj", "{5EF03DE6-2742-45F8-968C-97494CAAA381}"
EndProject
Project("{FAE04EC0-301F-11D3-BF4B-00C04F79EFBC}") = "qRPC.Test", "qRPC.Test\qRPC.Test.csproj", "{7D5C6058-1F6C-4797-A4B9-B1FF98C19CEE}"
EndProject
Global
	GlobalSection(SolutionConfigurationPlatforms) = preSolution
		Debug|Any CPU = Debug|Any CPU
		Release|Any CPU = Release|Any CPU
	EndGlobalSection
	GlobalSection(ProjectConfigurationPlatforms) = postSolution
		{5EF03DE6-2742-45F8-968C-97494CAAA381}.Debug|Any CPU.ActiveCfg = Debug|Any CPU
		{5EF03DE6-2742-45F8-968C-97494CAAA381}.Debug|Any CPU.Build.0 = Debug|Any CPU
		{5EF03DE6-2742-45F8-968C-97494CAAA381}.Release|Any CPU.ActiveCfg = Release|Any CPU
		{5EF03DE6-2742-45F8-968C-97494CAAA381}.Release|Any CPU.Build.0 = Release|Any CPU
		{7D5C6058-1F6C-4797-A4B9-B1FF98C19CEE}.Debug|Any CPU.ActiveCfg = Debug|Any CPU
		{7D5C6058-1F6C-4797-A4B9-B1FF98C19CEE}.Debug|Any CPU.Build.0 = Debug|Any CPU
		{7D5C6058-1F6C-4797-A4B9-B1FF98C19CEE}.Release|Any CPU.ActiveCfg = Release|Any CPU
		{7D5C6058-1F6C-4797-A4B9-B1FF98C19CEE}.Release|Any CPU.Build.0 = Release|Any CPU
	EndGlobalSection
	GlobalSection(SolutionProperties) = preSolution
		HideSolutionNode = FALSE
	EndGlobalSection
	GlobalSection(ExtensibilityGlobals) = postSolution
		SolutionGuid = {429799FC-08E1-4000-9D19-15F1C0EB03EF}
	EndGlobalSection
EndGlobal
